
Microsoft Visual Studio Solution File, Format Version 12.00
# Visual Studio Version 16
VisualStudioVersion = 16.0.29123.88
MinimumVisualStudioVersion = 10.0.40219.1
Project("{FAE04EC0-301F-11D3-BF4B-00C04F79EFBC}") = "Decidir", "Decidir\Decidir.csproj", "{208EA1C5-2305-440F-A4A2-B35C93AAE417}"
EndProject
Project("{FAE04EC0-301F-11D3-BF4B-00C04F79EFBC}") = "DecidirExample", "DecidirExample\DecidirExample.csproj", "{117A6D19-C6B7-407D-B8AC-78CD0DE9CBEE}"
EndProject
Project("{FAE04EC0-301F-11D3-BF4B-00C04F79EFBC}") = "DecidirTest", "DecidirTest\DecidirTest.csproj", "{B6AE55F3-6F12-4259-85B7-0A29627C5262}"
EndProject
Global
	GlobalSection(SolutionConfigurationPlatforms) = preSolution
		Debug|Any CPU = Debug|Any CPU
		Release|Any CPU = Release|Any CPU
	EndGlobalSection
	GlobalSection(ProjectConfigurationPlatforms) = postSolution
		{208EA1C5-2305-440F-A4A2-B35C93AAE417}.Debug|Any CPU.ActiveCfg = Debug|Any CPU
		{208EA1C5-2305-440F-A4A2-B35C93AAE417}.Debug|Any CPU.Build.0 = Debug|Any CPU
		{208EA1C5-2305-440F-A4A2-B35C93AAE417}.Release|Any CPU.ActiveCfg = Release|Any CPU
		{208EA1C5-2305-440F-A4A2-B35C93AAE417}.Release|Any CPU.Build.0 = Release|Any CPU
		{117A6D19-C6B7-407D-B8AC-78CD0DE9CBEE}.Debug|Any CPU.ActiveCfg = Debug|Any CPU
		{117A6D19-C6B7-407D-B8AC-78CD0DE9CBEE}.Debug|Any CPU.Build.0 = Debug|Any CPU
		{117A6D19-C6B7-407D-B8AC-78CD0DE9CBEE}.Release|Any CPU.ActiveCfg = Release|Any CPU
		{117A6D19-C6B7-407D-B8AC-78CD0DE9CBEE}.Release|Any CPU.Build.0 = Release|Any CPU
		{B6AE55F3-6F12-4259-85B7-0A29627C5262}.Debug|Any CPU.ActiveCfg = Debug|Any CPU
		{B6AE55F3-6F12-4259-85B7-0A29627C5262}.Debug|Any CPU.Build.0 = Debug|Any CPU
		{B6AE55F3-6F12-4259-85B7-0A29627C5262}.Release|Any CPU.ActiveCfg = Release|Any CPU
		{B6AE55F3-6F12-4259-85B7-0A29627C5262}.Release|Any CPU.Build.0 = Release|Any CPU
	EndGlobalSection
	GlobalSection(SolutionProperties) = preSolution
		HideSolutionNode = FALSE
	EndGlobalSection
	GlobalSection(ExtensibilityGlobals) = postSolution
		SolutionGuid = {EE80573D-99CC-4CD7-AC8D-872AFEF6082C}
	EndGlobalSection
EndGlobal
