
Microsoft Visual Studio Solution File, Format Version 12.00
# Visual Studio 15
VisualStudioVersion = 15.0.28010.2046
MinimumVisualStudioVersion = 10.0.40219.1
Project("{FAE04EC0-301F-11D3-BF4B-00C04F79EFBC}") = "DecidirTest", "DecidirTest.csproj", "{B6AE55F3-6F12-4259-85B7-0A29627C5262}"
EndProject
Global
	GlobalSection(SolutionConfigurationPlatforms) = preSolution
		Debug|Any CPU = Debug|Any CPU
		Release|Any CPU = Release|Any CPU
	EndGlobalSection
	GlobalSection(ProjectConfigurationPlatforms) = postSolution
		{B6AE55F3-6F12-4259-85B7-0A29627C5262}.Debug|Any CPU.ActiveCfg = Debug|Any CPU
		{B6AE55F3-6F12-4259-85B7-0A29627C5262}.Debug|Any CPU.Build.0 = Debug|Any CPU
		{B6AE55F3-6F12-4259-85B7-0A29627C5262}.Release|Any CPU.ActiveCfg = Release|Any CPU
		{B6AE55F3-6F12-4259-85B7-0A29627C5262}.Release|Any CPU.Build.0 = Release|Any CPU
	EndGlobalSection
	GlobalSection(SolutionProperties) = preSolution
		HideSolutionNode = FALSE
	EndGlobalSection
	GlobalSection(ExtensibilityGlobals) = postSolution
		SolutionGuid = {679775F0-80FF-4089-9D10-918B6F79ACD9}
	EndGlobalSection
EndGlobal
